
Microsoft Visual Studio Solution File, Format Version 12.00
# Visual Studio Version 16
VisualStudioVersion = 16.0.30413.136
MinimumVisualStudioVersion = 10.0.40219.1
Project("{9A19103F-16F7-4668-BE54-9A1E7A4F7556}") = "TelegramMovieBot.Web", "TelegramMovieBot.Web\TelegramMovieBot.Web.csproj", "{CF1C13F4-6CCB-41D3-A504-3DE91919EA5D}"
EndProject
Project("{9A19103F-16F7-4668-BE54-9A1E7A4F7556}") = "TelegramMovieBot.Core", "TelegramMovieBot.Core\TelegramMovieBot.Core.csproj", "{D7DD408B-924B-4DAB-B23D-A3FD3E1C0778}"
EndProject
Global
	GlobalSection(SolutionConfigurationPlatforms) = preSolution
		Debug|Any CPU = Debug|Any CPU
		Release|Any CPU = Release|Any CPU
	EndGlobalSection
	GlobalSection(ProjectConfigurationPlatforms) = postSolution
		{CF1C13F4-6CCB-41D3-A504-3DE91919EA5D}.Debug|Any CPU.ActiveCfg = Debug|Any CPU
		{CF1C13F4-6CCB-41D3-A504-3DE91919EA5D}.Debug|Any CPU.Build.0 = Debug|Any CPU
		{CF1C13F4-6CCB-41D3-A504-3DE91919EA5D}.Release|Any CPU.ActiveCfg = Release|Any CPU
		{CF1C13F4-6CCB-41D3-A504-3DE91919EA5D}.Release|Any CPU.Build.0 = Release|Any CPU
		{D7DD408B-924B-4DAB-B23D-A3FD3E1C0778}.Debug|Any CPU.ActiveCfg = Debug|Any CPU
		{D7DD408B-924B-4DAB-B23D-A3FD3E1C0778}.Debug|Any CPU.Build.0 = Debug|Any CPU
		{D7DD408B-924B-4DAB-B23D-A3FD3E1C0778}.Release|Any CPU.ActiveCfg = Release|Any CPU
		{D7DD408B-924B-4DAB-B23D-A3FD3E1C0778}.Release|Any CPU.Build.0 = Release|Any CPU
	EndGlobalSection
	GlobalSection(SolutionProperties) = preSolution
		HideSolutionNode = FALSE
	EndGlobalSection
	GlobalSection(ExtensibilityGlobals) = postSolution
		SolutionGuid = {7A341D4A-8BFF-473C-803F-1347A4585A0B}
	EndGlobalSection
EndGlobal
