
Microsoft Visual Studio Solution File, Format Version 12.00
# Visual Studio Version 16
VisualStudioVersion = 16.0.30413.136
MinimumVisualStudioVersion = 10.0.40219.1
Project("{9A19103F-16F7-4668-BE54-9A1E7A4F7556}") = "TelegramBot.Core", "TelegramBot.Core\TelegramBot.Core.csproj", "{D36A9A59-C42F-4533-904D-5DE3F3E21A1B}"
EndProject
Project("{9A19103F-16F7-4668-BE54-9A1E7A4F7556}") = "TelegramBot.Web", "TelegramBot.Web\TelegramBot.Web.csproj", "{8E3E4D04-8BCF-454A-AD40-48673E317AF5}"
EndProject
Global
	GlobalSection(SolutionConfigurationPlatforms) = preSolution
		Debug|Any CPU = Debug|Any CPU
		Release|Any CPU = Release|Any CPU
	EndGlobalSection
	GlobalSection(ProjectConfigurationPlatforms) = postSolution
		{D36A9A59-C42F-4533-904D-5DE3F3E21A1B}.Debug|Any CPU.ActiveCfg = Debug|Any CPU
		{D36A9A59-C42F-4533-904D-5DE3F3E21A1B}.Debug|Any CPU.Build.0 = Debug|Any CPU
		{D36A9A59-C42F-4533-904D-5DE3F3E21A1B}.Release|Any CPU.ActiveCfg = Release|Any CPU
		{D36A9A59-C42F-4533-904D-5DE3F3E21A1B}.Release|Any CPU.Build.0 = Release|Any CPU
		{8E3E4D04-8BCF-454A-AD40-48673E317AF5}.Debug|Any CPU.ActiveCfg = Debug|Any CPU
		{8E3E4D04-8BCF-454A-AD40-48673E317AF5}.Debug|Any CPU.Build.0 = Debug|Any CPU
		{8E3E4D04-8BCF-454A-AD40-48673E317AF5}.Release|Any CPU.ActiveCfg = Release|Any CPU
		{8E3E4D04-8BCF-454A-AD40-48673E317AF5}.Release|Any CPU.Build.0 = Release|Any CPU
	EndGlobalSection
	GlobalSection(SolutionProperties) = preSolution
		HideSolutionNode = FALSE
	EndGlobalSection
	GlobalSection(ExtensibilityGlobals) = postSolution
		SolutionGuid = {7A341D4A-8BFF-473C-803F-1347A4585A0B}
	EndGlobalSection
EndGlobal
